// !$*UTF8*$!
{
	archiveVersion = 1;
	classes = {
	};
	objectVersion = 46;
	objects = {

/* Begin PBXBuildFile section */
		4F4CD0D840714D65B999DCED /* libPods.a in Frameworks */ = {isa = PBXBuildFile; fileRef = 7CF246CF6BA748ADB1C83F22 /* libPods.a */; };
		E15C1B8C1630821300575866 /* UIKit.framework in Frameworks */ = {isa = PBXBuildFile; fileRef = E15C1B8B1630821300575866 /* UIKit.framework */; };
		E15C1B8E1630821300575866 /* Foundation.framework in Frameworks */ = {isa = PBXBuildFile; fileRef = E15C1B8D1630821300575866 /* Foundation.framework */; };
		E15C1B901630821300575866 /* CoreGraphics.framework in Frameworks */ = {isa = PBXBuildFile; fileRef = E15C1B8F1630821300575866 /* CoreGraphics.framework */; };
		E15C1B961630821300575866 /* InfoPlist.strings in Resources */ = {isa = PBXBuildFile; fileRef = E15C1B941630821300575866 /* InfoPlist.strings */; };
		E15C1B981630821300575866 /* main.m in Sources */ = {isa = PBXBuildFile; fileRef = E15C1B971630821300575866 /* main.m */; };
		E15C1B9C1630821300575866 /* DSAppDelegate.m in Sources */ = {isa = PBXBuildFile; fileRef = E15C1B9B1630821300575866 /* DSAppDelegate.m */; };
		E15C1B9E1630821300575866 /* Default.png in Resources */ = {isa = PBXBuildFile; fileRef = E15C1B9D1630821300575866 /* Default.png */; };
		E15C1BA01630821300575866 /* Default@2x.png in Resources */ = {isa = PBXBuildFile; fileRef = E15C1B9F1630821300575866 /* Default@2x.png */; };
		E15C1BA21630821300575866 /* Default-568h@2x.png in Resources */ = {isa = PBXBuildFile; fileRef = E15C1BA11630821300575866 /* Default-568h@2x.png */; };
		E15C1BA51630821300575866 /* MainStoryboard.storyboard in Resources */ = {isa = PBXBuildFile; fileRef = E15C1BA31630821300575866 /* MainStoryboard.storyboard */; };
		E15C1BA81630821300575866 /* DSViewController.m in Sources */ = {isa = PBXBuildFile; fileRef = E15C1BA71630821300575866 /* DSViewController.m */; };
		E15C1BBD1630968100575866 /* MapKit.framework in Frameworks */ = {isa = PBXBuildFile; fileRef = E15C1BBC1630968100575866 /* MapKit.framework */; };
		E15C1BC11630987D00575866 /* DSEvent.m in Sources */ = {isa = PBXBuildFile; fileRef = E15C1BC01630987D00575866 /* DSEvent.m */; };
		E15C1BC51630998100575866 /* DSEventParser.m in Sources */ = {isa = PBXBuildFile; fileRef = E15C1BC41630998100575866 /* DSEventParser.m */; };
/* End PBXBuildFile section */

/* Begin PBXContainerItemProxy section */
		E15C1BB91630873C00575866 /* PBXContainerItemProxy */ = {
			isa = PBXContainerItemProxy;
			containerPortal = E15C1BB21630873C00575866 /* Pods.xcodeproj */;
			proxyType = 2;
			remoteGlobalIDString = 76620D8B63E043BCAD6EBC6C;
			remoteInfo = Pods;
		};
/* End PBXContainerItemProxy section */

/* Begin PBXFileReference section */
		6F0D53ED4B82411B8C3DDB98 /* Pods.xcconfig */ = {isa = PBXFileReference; includeInIndex = 1; lastKnownFileType = text.xcconfig; name = Pods.xcconfig; path = Pods/Pods.xcconfig; sourceTree = SOURCE_ROOT; };
		7CF246CF6BA748ADB1C83F22 /* libPods.a */ = {isa = PBXFileReference; explicitFileType = archive.ar; includeInIndex = 0; path = libPods.a; sourceTree = BUILT_PRODUCTS_DIR; };
		E15C1B871630821300575866 /* devinsantos.app */ = {isa = PBXFileReference; explicitFileType = wrapper.application; includeInIndex = 0; path = devinsantos.app; sourceTree = BUILT_PRODUCTS_DIR; };
		E15C1B8B1630821300575866 /* UIKit.framework */ = {isa = PBXFileReference; includeInIndex = 1; lastKnownFileType = wrapper.framework; name = UIKit.framework; path = System/Library/Frameworks/UIKit.framework; sourceTree = SDKROOT; };
		E15C1B8D1630821300575866 /* Foundation.framework */ = {isa = PBXFileReference; includeInIndex = 1; lastKnownFileType = wrapper.framework; name = Foundation.framework; path = System/Library/Frameworks/Foundation.framework; sourceTree = SDKROOT; };
		E15C1B8F1630821300575866 /* CoreGraphics.framework */ = {isa = PBXFileReference; includeInIndex = 1; lastKnownFileType = wrapper.framework; name = CoreGraphics.framework; path = System/Library/Frameworks/CoreGraphics.framework; sourceTree = SDKROOT; };
		E15C1B931630821300575866 /* devinsantos-Info.plist */ = {isa = PBXFileReference; lastKnownFileType = text.plist.xml; path = "devinsantos-Info.plist"; sourceTree = "<group>"; };
		E15C1B951630821300575866 /* en */ = {isa = PBXFileReference; lastKnownFileType = text.plist.strings; name = en; path = en.lproj/InfoPlist.strings; sourceTree = "<group>"; };
		E15C1B971630821300575866 /* main.m */ = {isa = PBXFileReference; lastKnownFileType = sourcecode.c.objc; path = main.m; sourceTree = "<group>"; };
		E15C1B991630821300575866 /* devinsantos-Prefix.pch */ = {isa = PBXFileReference; lastKnownFileType = sourcecode.c.h; path = "devinsantos-Prefix.pch"; sourceTree = "<group>"; };
		E15C1B9A1630821300575866 /* DSAppDelegate.h */ = {isa = PBXFileReference; lastKnownFileType = sourcecode.c.h; path = DSAppDelegate.h; sourceTree = "<group>"; };
		E15C1B9B1630821300575866 /* DSAppDelegate.m */ = {isa = PBXFileReference; lastKnownFileType = sourcecode.c.objc; path = DSAppDelegate.m; sourceTree = "<group>"; };
		E15C1B9D1630821300575866 /* Default.png */ = {isa = PBXFileReference; lastKnownFileType = image.png; path = Default.png; sourceTree = "<group>"; };
		E15C1B9F1630821300575866 /* Default@2x.png */ = {isa = PBXFileReference; lastKnownFileType = image.png; path = "Default@2x.png"; sourceTree = "<group>"; };
		E15C1BA11630821300575866 /* Default-568h@2x.png */ = {isa = PBXFileReference; lastKnownFileType = image.png; path = "Default-568h@2x.png"; sourceTree = "<group>"; };
		E15C1BA41630821300575866 /* en */ = {isa = PBXFileReference; lastKnownFileType = file.storyboard; name = en; path = en.lproj/MainStoryboard.storyboard; sourceTree = "<group>"; };
		E15C1BA61630821300575866 /* DSViewController.h */ = {isa = PBXFileReference; lastKnownFileType = sourcecode.c.h; path = DSViewController.h; sourceTree = "<group>"; };
		E15C1BA71630821300575866 /* DSViewController.m */ = {isa = PBXFileReference; lastKnownFileType = sourcecode.c.objc; path = DSViewController.m; sourceTree = "<group>"; };
		E15C1BB21630873C00575866 /* Pods.xcodeproj */ = {isa = PBXFileReference; lastKnownFileType = "wrapper.pb-project"; name = Pods.xcodeproj; path = Pods/Pods.xcodeproj; sourceTree = "<group>"; };
		E15C1BBC1630968100575866 /* MapKit.framework */ = {isa = PBXFileReference; lastKnownFileType = wrapper.framework; name = MapKit.framework; path = System/Library/Frameworks/MapKit.framework; sourceTree = SDKROOT; };
		E15C1BBF1630987D00575866 /* DSEvent.h */ = {isa = PBXFileReference; fileEncoding = 4; lastKnownFileType = sourcecode.c.h; name = DSEvent.h; path = Models/DSEvent.h; sourceTree = "<group>"; };
		E15C1BC01630987D00575866 /* DSEvent.m */ = {isa = PBXFileReference; fileEncoding = 4; lastKnownFileType = sourcecode.c.objc; name = DSEvent.m; path = Models/DSEvent.m; sourceTree = "<group>"; };
		E15C1BC31630998100575866 /* DSEventParser.h */ = {isa = PBXFileReference; fileEncoding = 4; lastKnownFileType = sourcecode.c.h; name = DSEventParser.h; path = Parser/DSEventParser.h; sourceTree = "<group>"; };
		E15C1BC41630998100575866 /* DSEventParser.m */ = {isa = PBXFileReference; fileEncoding = 4; lastKnownFileType = sourcecode.c.objc; name = DSEventParser.m; path = Parser/DSEventParser.m; sourceTree = "<group>"; };
/* End PBXFileReference section */

/* Begin PBXFrameworksBuildPhase section */
		E15C1B841630821300575866 /* Frameworks */ = {
			isa = PBXFrameworksBuildPhase;
			buildActionMask = 2147483647;
			files = (
				E15C1BBD1630968100575866 /* MapKit.framework in Frameworks */,
				E15C1B8C1630821300575866 /* UIKit.framework in Frameworks */,
				E15C1B8E1630821300575866 /* Foundation.framework in Frameworks */,
				E15C1B901630821300575866 /* CoreGraphics.framework in Frameworks */,
				4F4CD0D840714D65B999DCED /* libPods.a in Frameworks */,
			);
			runOnlyForDeploymentPostprocessing = 0;
		};
/* End PBXFrameworksBuildPhase section */

/* Begin PBXGroup section */
		E15C1B7C1630821300575866 = {
			isa = PBXGroup;
			children = (
				E15C1BBC1630968100575866 /* MapKit.framework */,
				E15C1B911630821300575866 /* devinsantos */,
				E15C1B8A1630821300575866 /* Frameworks */,
				E15C1B881630821300575866 /* Products */,
				6F0D53ED4B82411B8C3DDB98 /* Pods.xcconfig */,
			);
			sourceTree = "<group>";
		};
		E15C1B881630821300575866 /* Products */ = {
			isa = PBXGroup;
			children = (
				E15C1B871630821300575866 /* devinsantos.app */,
			);
			name = Products;
			sourceTree = "<group>";
		};
		E15C1B8A1630821300575866 /* Frameworks */ = {
			isa = PBXGroup;
			children = (
				E15C1BB21630873C00575866 /* Pods.xcodeproj */,
				E15C1B8B1630821300575866 /* UIKit.framework */,
				E15C1B8D1630821300575866 /* Foundation.framework */,
				E15C1B8F1630821300575866 /* CoreGraphics.framework */,
				7CF246CF6BA748ADB1C83F22 /* libPods.a */,
			);
			name = Frameworks;
			sourceTree = "<group>";
		};
		E15C1B911630821300575866 /* devinsantos */ = {
			isa = PBXGroup;
			children = (
				E15C1BC21630994A00575866 /* Parser */,
				E15C1BBE1630983F00575866 /* Models */,
				E15C1B9A1630821300575866 /* DSAppDelegate.h */,
				E15C1B9B1630821300575866 /* DSAppDelegate.m */,
				E15C1BA31630821300575866 /* MainStoryboard.storyboard */,
				E15C1BA61630821300575866 /* DSViewController.h */,
				E15C1BA71630821300575866 /* DSViewController.m */,
				E15C1B921630821300575866 /* Supporting Files */,
			);
			path = devinsantos;
			sourceTree = "<group>";
		};
		E15C1B921630821300575866 /* Supporting Files */ = {
			isa = PBXGroup;
			children = (
				E15C1B931630821300575866 /* devinsantos-Info.plist */,
				E15C1B941630821300575866 /* InfoPlist.strings */,
				E15C1B971630821300575866 /* main.m */,
				E15C1B991630821300575866 /* devinsantos-Prefix.pch */,
				E15C1B9D1630821300575866 /* Default.png */,
				E15C1B9F1630821300575866 /* Default@2x.png */,
				E15C1BA11630821300575866 /* Default-568h@2x.png */,
			);
			name = "Supporting Files";
			sourceTree = "<group>";
		};
		E15C1BB31630873C00575866 /* Products */ = {
			isa = PBXGroup;
			children = (
				E15C1BBA1630873C00575866 /* libPods.a */,
			);
			name = Products;
			sourceTree = "<group>";
		};
		E15C1BBE1630983F00575866 /* Models */ = {
			isa = PBXGroup;
			children = (
				E15C1BBF1630987D00575866 /* DSEvent.h */,
				E15C1BC01630987D00575866 /* DSEvent.m */,
			);
			name = Models;
			sourceTree = "<group>";
		};
		E15C1BC21630994A00575866 /* Parser */ = {
			isa = PBXGroup;
			children = (
				E15C1BC31630998100575866 /* DSEventParser.h */,
				E15C1BC41630998100575866 /* DSEventParser.m */,
			);
			name = Parser;
			sourceTree = "<group>";
		};
/* End PBXGroup section */

/* Begin PBXNativeTarget section */
		E15C1B861630821300575866 /* devinsantos */ = {
			isa = PBXNativeTarget;
			buildConfigurationList = E15C1BAB1630821300575866 /* Build configuration list for PBXNativeTarget "devinsantos" */;
			buildPhases = (
				E15C1B831630821300575866 /* Sources */,
				E15C1B841630821300575866 /* Frameworks */,
				E15C1B851630821300575866 /* Resources */,
				2D2E86BF864B4C73A97B72BB /* Copy Pods Resources */,
			);
			buildRules = (
			);
			dependencies = (
			);
			name = devinsantos;
			productName = devinsantos;
			productReference = E15C1B871630821300575866 /* devinsantos.app */;
			productType = "com.apple.product-type.application";
		};
/* End PBXNativeTarget section */

/* Begin PBXProject section */
		E15C1B7E1630821300575866 /* Project object */ = {
			isa = PBXProject;
			attributes = {
				CLASSPREFIX = DS;
				LastUpgradeCheck = 0450;
				ORGANIZATIONNAME = "Fernando Bass";
			};
			buildConfigurationList = E15C1B811630821300575866 /* Build configuration list for PBXProject "devinsantos" */;
			compatibilityVersion = "Xcode 3.2";
			developmentRegion = English;
			hasScannedForEncodings = 0;
			knownRegions = (
				en,
			);
			mainGroup = E15C1B7C1630821300575866;
			productRefGroup = E15C1B881630821300575866 /* Products */;
			projectDirPath = "";
			projectReferences = (
				{
					ProductGroup = E15C1BB31630873C00575866 /* Products */;
					ProjectRef = E15C1BB21630873C00575866 /* Pods.xcodeproj */;
				},
			);
			projectRoot = "";
			targets = (
				E15C1B861630821300575866 /* devinsantos */,
			);
		};
/* End PBXProject section */

/* Begin PBXReferenceProxy section */
		E15C1BBA1630873C00575866 /* libPods.a */ = {
			isa = PBXReferenceProxy;
			fileType = archive.ar;
			path = libPods.a;
			remoteRef = E15C1BB91630873C00575866 /* PBXContainerItemProxy */;
			sourceTree = BUILT_PRODUCTS_DIR;
		};
/* End PBXReferenceProxy section */

/* Begin PBXResourcesBuildPhase section */
		E15C1B851630821300575866 /* Resources */ = {
			isa = PBXResourcesBuildPhase;
			buildActionMask = 2147483647;
			files = (
				E15C1B961630821300575866 /* InfoPlist.strings in Resources */,
				E15C1B9E1630821300575866 /* Default.png in Resources */,
				E15C1BA01630821300575866 /* Default@2x.png in Resources */,
				E15C1BA21630821300575866 /* Default-568h@2x.png in Resources */,
				E15C1BA51630821300575866 /* MainStoryboard.storyboard in Resources */,
			);
			runOnlyForDeploymentPostprocessing = 0;
		};
/* End PBXResourcesBuildPhase section */

/* Begin PBXShellScriptBuildPhase section */
		2D2E86BF864B4C73A97B72BB /* Copy Pods Resources */ = {
			isa = PBXShellScriptBuildPhase;
			buildActionMask = 2147483647;
			files = (
			);
			inputPaths = (
			);
			name = "Copy Pods Resources";
			outputPaths = (
			);
			runOnlyForDeploymentPostprocessing = 0;
			shellPath = /bin/sh;
			shellScript = "\"${SRCROOT}/Pods/Pods-resources.sh\"\n";
		};
/* End PBXShellScriptBuildPhase section */

/* Begin PBXSourcesBuildPhase section */
		E15C1B831630821300575866 /* Sources */ = {
			isa = PBXSourcesBuildPhase;
			buildActionMask = 2147483647;
			files = (
				E15C1B981630821300575866 /* main.m in Sources */,
				E15C1B9C1630821300575866 /* DSAppDelegate.m in Sources */,
				E15C1BA81630821300575866 /* DSViewController.m in Sources */,
				E15C1BC11630987D00575866 /* DSEvent.m in Sources */,
				E15C1BC51630998100575866 /* DSEventParser.m in Sources */,
			);
			runOnlyForDeploymentPostprocessing = 0;
		};
/* End PBXSourcesBuildPhase section */

/* Begin PBXVariantGroup section */
		E15C1B941630821300575866 /* InfoPlist.strings */ = {
			isa = PBXVariantGroup;
			children = (
				E15C1B951630821300575866 /* en */,
			);
			name = InfoPlist.strings;
			sourceTree = "<group>";
		};
		E15C1BA31630821300575866 /* MainStoryboard.storyboard */ = {
			isa = PBXVariantGroup;
			children = (
				E15C1BA41630821300575866 /* en */,
			);
			name = MainStoryboard.storyboard;
			sourceTree = "<group>";
		};
/* End PBXVariantGroup section */

/* Begin XCBuildConfiguration section */
		E15C1BA91630821300575866 /* Debug */ = {
			isa = XCBuildConfiguration;
			buildSettings = {
				ALWAYS_SEARCH_USER_PATHS = NO;
				CLANG_CXX_LANGUAGE_STANDARD = "gnu++0x";
				CLANG_CXX_LIBRARY = "libc++";
				CLANG_ENABLE_OBJC_ARC = YES;
				CLANG_WARN_EMPTY_BODY = YES;
				CLANG_WARN__DUPLICATE_METHOD_MATCH = YES;
				"CODE_SIGN_IDENTITY[sdk=iphoneos*]" = "iPhone Developer";
				COPY_PHASE_STRIP = NO;
				GCC_C_LANGUAGE_STANDARD = gnu99;
				GCC_DYNAMIC_NO_PIC = NO;
				GCC_OPTIMIZATION_LEVEL = 0;
				GCC_PREPROCESSOR_DEFINITIONS = (
					"DEBUG=1",
					"$(inherited)",
				);
				GCC_SYMBOLS_PRIVATE_EXTERN = NO;
				GCC_WARN_ABOUT_RETURN_TYPE = YES;
				GCC_WARN_UNINITIALIZED_AUTOS = YES;
				GCC_WARN_UNUSED_VARIABLE = YES;
				IPHONEOS_DEPLOYMENT_TARGET = 6.0;
				SDKROOT = iphoneos;
			};
			name = Debug;
		};
		E15C1BAA1630821300575866 /* Release */ = {
			isa = XCBuildConfiguration;
			buildSettings = {
				ALWAYS_SEARCH_USER_PATHS = NO;
				CLANG_CXX_LANGUAGE_STANDARD = "gnu++0x";
				CLANG_CXX_LIBRARY = "libc++";
				CLANG_ENABLE_OBJC_ARC = YES;
				CLANG_WARN_EMPTY_BODY = YES;
				CLANG_WARN__DUPLICATE_METHOD_MATCH = YES;
				"CODE_SIGN_IDENTITY[sdk=iphoneos*]" = "iPhone Developer";
				COPY_PHASE_STRIP = YES;
				GCC_C_LANGUAGE_STANDARD = gnu99;
				GCC_WARN_ABOUT_RETURN_TYPE = YES;
				GCC_WARN_UNINITIALIZED_AUTOS = YES;
				GCC_WARN_UNUSED_VARIABLE = YES;
				IPHONEOS_DEPLOYMENT_TARGET = 6.0;
				OTHER_CFLAGS = "-DNS_BLOCK_ASSERTIONS=1";
				SDKROOT = iphoneos;
				VALIDATE_PRODUCT = YES;
			};
			name = Release;
		};
		E15C1BAC1630821300575866 /* Debug */ = {
			isa = XCBuildConfiguration;
			baseConfigurationReference = 6F0D53ED4B82411B8C3DDB98 /* Pods.xcconfig */;
			buildSettings = {
				GCC_PRECOMPILE_PREFIX_HEADER = YES;
				GCC_PREFIX_HEADER = "devinsantos/devinsantos-Prefix.pch";
				INFOPLIST_FILE = "devinsantos/devinsantos-Info.plist";
				IPHONEOS_DEPLOYMENT_TARGET = 5.0;
				PRODUCT_NAME = "$(TARGET_NAME)";
				WRAPPER_EXTENSION = app;
			};
			name = Debug;
		};
		E15C1BAD1630821300575866 /* Release */ = {
			isa = XCBuildConfiguration;
			baseConfigurationReference = 6F0D53ED4B82411B8C3DDB98 /* Pods.xcconfig */;
			buildSettings = {
				GCC_PRECOMPILE_PREFIX_HEADER = YES;
				GCC_PREFIX_HEADER = "devinsantos/devinsantos-Prefix.pch";
				INFOPLIST_FILE = "devinsantos/devinsantos-Info.plist";
				IPHONEOS_DEPLOYMENT_TARGET = 5.0;
				PRODUCT_NAME = "$(TARGET_NAME)";
				WRAPPER_EXTENSION = app;
			};
			name = Release;
		};
/* End XCBuildConfiguration section */

/* Begin XCConfigurationList section */
		E15C1B811630821300575866 /* Build configuration list for PBXProject "devinsantos" */ = {
			isa = XCConfigurationList;
			buildConfigurations = (
				E15C1BA91630821300575866 /* Debug */,
				E15C1BAA1630821300575866 /* Release */,
			);
			defaultConfigurationIsVisible = 0;
			defaultConfigurationName = Release;
		};
		E15C1BAB1630821300575866 /* Build configuration list for PBXNativeTarget "devinsantos" */ = {
			isa = XCConfigurationList;
			buildConfigurations = (
				E15C1BAC1630821300575866 /* Debug */,
				E15C1BAD1630821300575866 /* Release */,
			);
			defaultConfigurationIsVisible = 0;
			defaultConfigurationName = Release;
		};
/* End XCConfigurationList section */
	};
	rootObject = E15C1B7E1630821300575866 /* Project object */;
}
